
Microsoft Visual Studio Solution File, Format Version 12.00
# Visual Studio Version 17
VisualStudioVersion = 17.11.35312.102
MinimumVisualStudioVersion = 10.0.40219.1
Project("{FAE04EC0-301F-11D3-BF4B-00C04F79EFBC}") = "Umr.BlogCraft.Web", "Umr.BlogCraft.Web\Umr.BlogCraft.Web.csproj", "{64F05D11-58E5-41F0-B506-8D927B4B1BC1}"
EndProject
Global
	GlobalSection(SolutionConfigurationPlatforms) = preSolution
		Debug|Any CPU = Debug|Any CPU
		Release|Any CPU = Release|Any CPU
	EndGlobalSection
	GlobalSection(ProjectConfigurationPlatforms) = postSolution
		{64F05D11-58E5-41F0-B506-8D927B4B1BC1}.Debug|Any CPU.ActiveCfg = Debug|Any CPU
		{64F05D11-58E5-41F0-B506-8D927B4B1BC1}.Debug|Any CPU.Build.0 = Debug|Any CPU
		{64F05D11-58E5-41F0-B506-8D927B4B1BC1}.Release|Any CPU.ActiveCfg = Release|Any CPU
		{64F05D11-58E5-41F0-B506-8D927B4B1BC1}.Release|Any CPU.Build.0 = Release|Any CPU
	EndGlobalSection
	GlobalSection(SolutionProperties) = preSolution
		HideSolutionNode = FALSE
	EndGlobalSection
	GlobalSection(ExtensibilityGlobals) = postSolution
		SolutionGuid = {E5F01DBC-6C5B-4CE6-8746-3D6C645CA3D5}
	EndGlobalSection
EndGlobal
