
Microsoft Visual Studio Solution File, Format Version 12.00
# Visual Studio Version 17
VisualStudioVersion = 17.11.35312.102
MinimumVisualStudioVersion = 10.0.40219.1
Project("{9A19103F-16F7-4668-BE54-9A1E7A4F7556}") = "Umr.BlogCraft.WebAPI", "Umr.BlogCraft.WebAPI\Umr.BlogCraft.WebAPI.csproj", "{ADF68BAC-6229-47A9-8EC5-8F9604B6877F}"
EndProject
Project("{9A19103F-16F7-4668-BE54-9A1E7A4F7556}") = "Umr.BlogCraft.UI", "Umr.BlogCraft.UI\Umr.BlogCraft.UI.csproj", "{3B900061-272C-4FB5-8B22-6BC167CFD411}"
EndProject
Project("{00D1A9C2-B5F0-4AF3-8072-F6C62B433612}") = "Umr.BlogCraft.Database", "Umr.BlogCraft.Database\Umr.BlogCraft.Database.sqlproj", "{254CBC35-92DF-45A4-A1D3-4719138D22A5}"
EndProject
Global
	GlobalSection(SolutionConfigurationPlatforms) = preSolution
		Debug|Any CPU = Debug|Any CPU
		Release|Any CPU = Release|Any CPU
	EndGlobalSection
	GlobalSection(ProjectConfigurationPlatforms) = postSolution
		{ADF68BAC-6229-47A9-8EC5-8F9604B6877F}.Debug|Any CPU.ActiveCfg = Debug|Any CPU
		{ADF68BAC-6229-47A9-8EC5-8F9604B6877F}.Debug|Any CPU.Build.0 = Debug|Any CPU
		{ADF68BAC-6229-47A9-8EC5-8F9604B6877F}.Release|Any CPU.ActiveCfg = Release|Any CPU
		{ADF68BAC-6229-47A9-8EC5-8F9604B6877F}.Release|Any CPU.Build.0 = Release|Any CPU
		{3B900061-272C-4FB5-8B22-6BC167CFD411}.Debug|Any CPU.ActiveCfg = Debug|Any CPU
		{3B900061-272C-4FB5-8B22-6BC167CFD411}.Debug|Any CPU.Build.0 = Debug|Any CPU
		{3B900061-272C-4FB5-8B22-6BC167CFD411}.Release|Any CPU.ActiveCfg = Release|Any CPU
		{3B900061-272C-4FB5-8B22-6BC167CFD411}.Release|Any CPU.Build.0 = Release|Any CPU
		{254CBC35-92DF-45A4-A1D3-4719138D22A5}.Debug|Any CPU.ActiveCfg = Debug|Any CPU
		{254CBC35-92DF-45A4-A1D3-4719138D22A5}.Debug|Any CPU.Build.0 = Debug|Any CPU
		{254CBC35-92DF-45A4-A1D3-4719138D22A5}.Debug|Any CPU.Deploy.0 = Debug|Any CPU
		{254CBC35-92DF-45A4-A1D3-4719138D22A5}.Release|Any CPU.ActiveCfg = Release|Any CPU
		{254CBC35-92DF-45A4-A1D3-4719138D22A5}.Release|Any CPU.Build.0 = Release|Any CPU
		{254CBC35-92DF-45A4-A1D3-4719138D22A5}.Release|Any CPU.Deploy.0 = Release|Any CPU
	EndGlobalSection
	GlobalSection(SolutionProperties) = preSolution
		HideSolutionNode = FALSE
	EndGlobalSection
	GlobalSection(ExtensibilityGlobals) = postSolution
		SolutionGuid = {E5F01DBC-6C5B-4CE6-8746-3D6C645CA3D5}
	EndGlobalSection
EndGlobal
